
Microsoft Visual Studio Solution File, Format Version 12.00
# Visual Studio Version 17
VisualStudioVersion = 17.0.31903.59
MinimumVisualStudioVersion = 10.0.40219.1
Project("{2150E333-8FDC-42A3-9474-1A3956D46DE8}") = "src", "src", "{827E0CD3-B72D-47B6-A68D-7590B98EB39B}"
EndProject
Project("{FAE04EC0-301F-11D3-BF4B-00C04F79EFBC}") = "Termii", "src\Termii\Termii.csproj", "{2C2E40AF-504E-4A61-B46A-84A1BC352ED5}"
EndProject
Project("{2150E333-8FDC-42A3-9474-1A3956D46DE8}") = "tests", "tests", "{0AB3BF05-4346-4AA6-1389-037BE0695223}"
EndProject
Project("{FAE04EC0-301F-11D3-BF4B-00C04F79EFBC}") = "Termii.Tests", "tests\Termii.Tests\Termii.Tests.csproj", "{6AE7CBA2-1987-477E-B14D-C34F50A5DD48}"
EndProject
Project("{FAE04EC0-301F-11D3-BF4B-00C04F79EFBC}") = "Termii.IntegrationTests", "tests\Termii.IntegrationTests\Termii.IntegrationTests.csproj", "{73C4DC47-8035-4F23-8C46-1AAFE5E7D449}"
EndProject
Project("{2150E333-8FDC-42A3-9474-1A3956D46DE8}") = "examples", "examples", "{B36A84DF-456D-A817-6EDD-3EC3E7F6E11F}"
EndProject
Project("{FAE04EC0-301F-11D3-BF4B-00C04F79EFBC}") = "Termii.Examples", "examples\Termii.Examples\Termii.Examples.csproj", "{063DC3E1-23F8-4D66-918D-8FB1C61B648D}"
EndProject
Global
	GlobalSection(SolutionConfigurationPlatforms) = preSolution
		Debug|Any CPU = Debug|Any CPU
		Debug|x64 = Debug|x64
		Debug|x86 = Debug|x86
		Release|Any CPU = Release|Any CPU
		Release|x64 = Release|x64
		Release|x86 = Release|x86
	EndGlobalSection
	GlobalSection(ProjectConfigurationPlatforms) = postSolution
		{2C2E40AF-504E-4A61-B46A-84A1BC352ED5}.Debug|Any CPU.ActiveCfg = Debug|Any CPU
		{2C2E40AF-504E-4A61-B46A-84A1BC352ED5}.Debug|Any CPU.Build.0 = Debug|Any CPU
		{2C2E40AF-504E-4A61-B46A-84A1BC352ED5}.Debug|x64.ActiveCfg = Debug|Any CPU
		{2C2E40AF-504E-4A61-B46A-84A1BC352ED5}.Debug|x64.Build.0 = Debug|Any CPU
		{2C2E40AF-504E-4A61-B46A-84A1BC352ED5}.Debug|x86.ActiveCfg = Debug|Any CPU
		{2C2E40AF-504E-4A61-B46A-84A1BC352ED5}.Debug|x86.Build.0 = Debug|Any CPU
		{2C2E40AF-504E-4A61-B46A-84A1BC352ED5}.Release|Any CPU.ActiveCfg = Release|Any CPU
		{2C2E40AF-504E-4A61-B46A-84A1BC352ED5}.Release|Any CPU.Build.0 = Release|Any CPU
		{2C2E40AF-504E-4A61-B46A-84A1BC352ED5}.Release|x64.ActiveCfg = Release|Any CPU
		{2C2E40AF-504E-4A61-B46A-84A1BC352ED5}.Release|x64.Build.0 = Release|Any CPU
		{2C2E40AF-504E-4A61-B46A-84A1BC352ED5}.Release|x86.ActiveCfg = Release|Any CPU
		{2C2E40AF-504E-4A61-B46A-84A1BC352ED5}.Release|x86.Build.0 = Release|Any CPU
		{6AE7CBA2-1987-477E-B14D-C34F50A5DD48}.Debug|Any CPU.ActiveCfg = Debug|Any CPU
		{6AE7CBA2-1987-477E-B14D-C34F50A5DD48}.Debug|Any CPU.Build.0 = Debug|Any CPU
		{6AE7CBA2-1987-477E-B14D-C34F50A5DD48}.Debug|x64.ActiveCfg = Debug|Any CPU
		{6AE7CBA2-1987-477E-B14D-C34F50A5DD48}.Debug|x64.Build.0 = Debug|Any CPU
		{6AE7CBA2-1987-477E-B14D-C34F50A5DD48}.Debug|x86.ActiveCfg = Debug|Any CPU
		{6AE7CBA2-1987-477E-B14D-C34F50A5DD48}.Debug|x86.Build.0 = Debug|Any CPU
		{6AE7CBA2-1987-477E-B14D-C34F50A5DD48}.Release|Any CPU.ActiveCfg = Release|Any CPU
		{6AE7CBA2-1987-477E-B14D-C34F50A5DD48}.Release|Any CPU.Build.0 = Release|Any CPU
		{6AE7CBA2-1987-477E-B14D-C34F50A5DD48}.Release|x64.ActiveCfg = Release|Any CPU
		{6AE7CBA2-1987-477E-B14D-C34F50A5DD48}.Release|x64.Build.0 = Release|Any CPU
		{6AE7CBA2-1987-477E-B14D-C34F50A5DD48}.Release|x86.ActiveCfg = Release|Any CPU
		{6AE7CBA2-1987-477E-B14D-C34F50A5DD48}.Release|x86.Build.0 = Release|Any CPU
		{73C4DC47-8035-4F23-8C46-1AAFE5E7D449}.Debug|Any CPU.ActiveCfg = Debug|Any CPU
		{73C4DC47-8035-4F23-8C46-1AAFE5E7D449}.Debug|Any CPU.Build.0 = Debug|Any CPU
		{73C4DC47-8035-4F23-8C46-1AAFE5E7D449}.Debug|x64.ActiveCfg = Debug|Any CPU
		{73C4DC47-8035-4F23-8C46-1AAFE5E7D449}.Debug|x64.Build.0 = Debug|Any CPU
		{73C4DC47-8035-4F23-8C46-1AAFE5E7D449}.Debug|x86.ActiveCfg = Debug|Any CPU
		{73C4DC47-8035-4F23-8C46-1AAFE5E7D449}.Debug|x86.Build.0 = Debug|Any CPU
		{73C4DC47-8035-4F23-8C46-1AAFE5E7D449}.Release|Any CPU.ActiveCfg = Release|Any CPU
		{73C4DC47-8035-4F23-8C46-1AAFE5E7D449}.Release|Any CPU.Build.0 = Release|Any CPU
		{73C4DC47-8035-4F23-8C46-1AAFE5E7D449}.Release|x64.ActiveCfg = Release|Any CPU
		{73C4DC47-8035-4F23-8C46-1AAFE5E7D449}.Release|x64.Build.0 = Release|Any CPU
		{73C4DC47-8035-4F23-8C46-1AAFE5E7D449}.Release|x86.ActiveCfg = Release|Any CPU
		{73C4DC47-8035-4F23-8C46-1AAFE5E7D449}.Release|x86.Build.0 = Release|Any CPU
		{063DC3E1-23F8-4D66-918D-8FB1C61B648D}.Debug|Any CPU.ActiveCfg = Debug|Any CPU
		{063DC3E1-23F8-4D66-918D-8FB1C61B648D}.Debug|Any CPU.Build.0 = Debug|Any CPU
		{063DC3E1-23F8-4D66-918D-8FB1C61B648D}.Debug|x64.ActiveCfg = Debug|Any CPU
		{063DC3E1-23F8-4D66-918D-8FB1C61B648D}.Debug|x64.Build.0 = Debug|Any CPU
		{063DC3E1-23F8-4D66-918D-8FB1C61B648D}.Debug|x86.ActiveCfg = Debug|Any CPU
		{063DC3E1-23F8-4D66-918D-8FB1C61B648D}.Debug|x86.Build.0 = Debug|Any CPU
		{063DC3E1-23F8-4D66-918D-8FB1C61B648D}.Release|Any CPU.ActiveCfg = Release|Any CPU
		{063DC3E1-23F8-4D66-918D-8FB1C61B648D}.Release|Any CPU.Build.0 = Release|Any CPU
		{063DC3E1-23F8-4D66-918D-8FB1C61B648D}.Release|x64.ActiveCfg = Release|Any CPU
		{063DC3E1-23F8-4D66-918D-8FB1C61B648D}.Release|x64.Build.0 = Release|Any CPU
		{063DC3E1-23F8-4D66-918D-8FB1C61B648D}.Release|x86.ActiveCfg = Release|Any CPU
		{063DC3E1-23F8-4D66-918D-8FB1C61B648D}.Release|x86.Build.0 = Release|Any CPU
	EndGlobalSection
	GlobalSection(SolutionProperties) = preSolution
		HideSolutionNode = FALSE
	EndGlobalSection
	GlobalSection(NestedProjects) = preSolution
		{2C2E40AF-504E-4A61-B46A-84A1BC352ED5} = {827E0CD3-B72D-47B6-A68D-7590B98EB39B}
		{6AE7CBA2-1987-477E-B14D-C34F50A5DD48} = {0AB3BF05-4346-4AA6-1389-037BE0695223}
		{73C4DC47-8035-4F23-8C46-1AAFE5E7D449} = {0AB3BF05-4346-4AA6-1389-037BE0695223}
		{063DC3E1-23F8-4D66-918D-8FB1C61B648D} = {B36A84DF-456D-A817-6EDD-3EC3E7F6E11F}
	EndGlobalSection
EndGlobal
